
Microsoft Visual Studio Solution File, Format Version 11.00
# Visual Studio 2010
# SharpDevelop 5.1
Project("{FAE04EC0-301F-11D3-BF4B-00C04F79EFBC}") = "labv2", "labv2\labv2.csproj", "{10D7FA27-6871-42D4-9ECD-273090AE1BCB}"
EndProject
Global
	GlobalSection(SolutionConfigurationPlatforms) = preSolution
		Debug|Any CPU = Debug|Any CPU
		Release|Any CPU = Release|Any CPU
	EndGlobalSection
	GlobalSection(ProjectConfigurationPlatforms) = postSolution
		{10D7FA27-6871-42D4-9ECD-273090AE1BCB}.Debug|Any CPU.ActiveCfg = Debug|Any CPU
		{10D7FA27-6871-42D4-9ECD-273090AE1BCB}.Debug|Any CPU.Build.0 = Debug|Any CPU
		{10D7FA27-6871-42D4-9ECD-273090AE1BCB}.Release|Any CPU.ActiveCfg = Release|Any CPU
		{10D7FA27-6871-42D4-9ECD-273090AE1BCB}.Release|Any CPU.Build.0 = Release|Any CPU
	EndGlobalSection
EndGlobal
