
Microsoft Visual Studio Solution File, Format Version 11.00
# Visual Studio 2010
# SharpDevelop 5.1
Project("{FAE04EC0-301F-11D3-BF4B-00C04F79EFBC}") = "third version try", "third version try\third version try.csproj", "{01A85662-4359-4782-8060-0DF7FBCD0EDF}"
EndProject
Global
	GlobalSection(SolutionConfigurationPlatforms) = preSolution
		Debug|Any CPU = Debug|Any CPU
		Release|Any CPU = Release|Any CPU
	EndGlobalSection
	GlobalSection(ProjectConfigurationPlatforms) = postSolution
		{01A85662-4359-4782-8060-0DF7FBCD0EDF}.Debug|Any CPU.ActiveCfg = Debug|Any CPU
		{01A85662-4359-4782-8060-0DF7FBCD0EDF}.Debug|Any CPU.Build.0 = Debug|Any CPU
		{01A85662-4359-4782-8060-0DF7FBCD0EDF}.Release|Any CPU.ActiveCfg = Release|Any CPU
		{01A85662-4359-4782-8060-0DF7FBCD0EDF}.Release|Any CPU.Build.0 = Release|Any CPU
	EndGlobalSection
EndGlobal
